// !$*UTF8*$!
{
	archiveVersion = 1;
	classes = {
	};
	objectVersion = 56;
	objects = {

/* Begin PBXBuildFile section */
		A3ACC8212EAFAFB8009F7783 /* HoldingRow.swift in Sources */ = {isa = PBXBuildFile; fileRef = A3ACC8202EAFAFB8009F7783 /* HoldingRow.swift */; };
		A3ACC8232EAFAFEE009F7783 /* FundModels.swift in Sources */ = {isa = PBXBuildFile; fileRef = A3ACC8222EAFAFEE009F7783 /* FundModels.swift */; };
		A3ACC8252EAFB014009F7783 /* TableColumn.swift in Sources */ = {isa = PBXBuildFile; fileRef = A3ACC8242EAFB014009F7783 /* TableColumn.swift */; };
		A3ACC82C2EAFB706009F7783 /* EditHoldingView.swift in Sources */ = {isa = PBXBuildFile; fileRef = A3ACC8262EAFB704009F7783 /* EditHoldingView.swift */; };
		A3ACC82D2EAFB706009F7783 /* PrivacyHelpers.swift in Sources */ = {isa = PBXBuildFile; fileRef = A3ACC8272EAFB704009F7783 /* PrivacyHelpers.swift */; };
		A3ACC82E2EAFB706009F7783 /* ManageHoldingsView.swift in Sources */ = {isa = PBXBuildFile; fileRef = A3ACC8282EAFB705009F7783 /* ManageHoldingsView.swift */; };
		A3ACC82F2EAFB706009F7783 /* APILogView.swift in Sources */ = {isa = PBXBuildFile; fileRef = A3ACC8292EAFB705009F7783 /* APILogView.swift */; };
		A3ACC8302EAFB706009F7783 /* AboutView.swift in Sources */ = {isa = PBXBuildFile; fileRef = A3ACC82A2EAFB705009F7783 /* AboutView.swift */; };
		A3ACC8312EAFB706009F7783 /* AddHoldingView.swift in Sources */ = {isa = PBXBuildFile; fileRef = A3ACC82B2EAFB706009F7783 /* AddHoldingView.swift */; };
		A3ACC8352EB0B6A5009F7783 /* Info in Resources */ = {isa = PBXBuildFile; fileRef = A3ACC8342EB0B6A5009F7783 /* Info */; };
		A3ACC8402EB0F558009F7783 /* ContentView.swift in Sources */ = {isa = PBXBuildFile; fileRef = A3DDB5CE2EAFAA11004F1C8B /* ContentView.swift */; };
		A3ACC8422EB1045D009F7783 /* Theme.swift in Sources */ = {isa = PBXBuildFile; fileRef = A3ACC8412EB1045D009F7783 /* Theme.swift */; };
		A3ACC8442EB10491009F7783 /* GradientButton.swift in Sources */ = {isa = PBXBuildFile; fileRef = A3ACC8432EB10491009F7783 /* GradientButton.swift */; };
		A3ACC8462EB104AF009F7783 /* CardModifier.swift in Sources */ = {isa = PBXBuildFile; fileRef = A3ACC8452EB104AF009F7783 /* CardModifier.swift */; };
		A3ACC8482EB10BD3009F7783 /* StringExtensions.swift in Sources */ = {isa = PBXBuildFile; fileRef = A3ACC8472EB10BD3009F7783 /* StringExtensions.swift */; };
		A3ACC84A2EB10BEF009F7783 /* ToastQueueManager.swift in Sources */ = {isa = PBXBuildFile; fileRef = A3ACC8492EB10BEF009F7783 /* ToastQueueManager.swift */; };
		A3DDB5CD2EAFAA11004F1C8B /* CFMSApp.swift in Sources */ = {isa = PBXBuildFile; fileRef = A3DDB5CC2EAFAA11004F1C8B /* CFMSApp.swift */; };
		A3DDB5D32EAFAA17004F1C8B /* Assets.xcassets in Resources */ = {isa = PBXBuildFile; fileRef = A3DDB5D22EAFAA17004F1C8B /* Assets.xcassets */; };
		A3DDB5FC2EAFAA98004F1C8B /* EmptyStateView.swift in Sources */ = {isa = PBXBuildFile; fileRef = A3DDB5FB2EAFAA98004F1C8B /* EmptyStateView.swift */; };
		A3DDB6002EAFAAD2004F1C8B /* ColorExtension.swift in Sources */ = {isa = PBXBuildFile; fileRef = A3DDB5FF2EAFAAD2004F1C8B /* ColorExtension.swift */; };
		A3DDB6022EAFAAE8004F1C8B /* DataValidation.swift in Sources */ = {isa = PBXBuildFile; fileRef = A3DDB6012EAFAAE8004F1C8B /* DataValidation.swift */; };
		A3DDB6042EAFAAFC004F1C8B /* FundService.swift in Sources */ = {isa = PBXBuildFile; fileRef = A3DDB6032EAFAAFC004F1C8B /* FundService.swift */; };
		A3DDB6062EAFAB27004F1C8B /* ClientView.swift in Sources */ = {isa = PBXBuildFile; fileRef = A3DDB6052EAFAB27004F1C8B /* ClientView.swift */; };
		A3DDB6082EAFAC99004F1C8B /* SummaryView.swift in Sources */ = {isa = PBXBuildFile; fileRef = A3DDB6072EAFAC99004F1C8B /* SummaryView.swift */; };
		A3DDB60A2EAFACD3004F1C8B /* TopPerformersView.swift in Sources */ = {isa = PBXBuildFile; fileRef = A3DDB6092EAFACD3004F1C8B /* TopPerformersView.swift */; };
		A3DDB60C2EAFAE28004F1C8B /* DataManager.swift in Sources */ = {isa = PBXBuildFile; fileRef = A3DDB60B2EAFAE28004F1C8B /* DataManager.swift */; };
		A3DDB60E2EAFAE49004F1C8B /* ToastView.swift in Sources */ = {isa = PBXBuildFile; fileRef = A3DDB60D2EAFAE49004F1C8B /* ToastView.swift */; };
		A3DDB6102EAFAE6D004F1C8B /* ConfigView.swift in Sources */ = {isa = PBXBuildFile; fileRef = A3DDB60F2EAFAE6D004F1C8B /* ConfigView.swift */; };
/* End PBXBuildFile section */

/* Begin PBXFileReference section */
		A3ACC8202EAFAFB8009F7783 /* HoldingRow.swift */ = {isa = PBXFileReference; lastKnownFileType = sourcecode.swift; path = HoldingRow.swift; sourceTree = "<group>"; };
		A3ACC8222EAFAFEE009F7783 /* FundModels.swift */ = {isa = PBXFileReference; lastKnownFileType = sourcecode.swift; path = FundModels.swift; sourceTree = "<group>"; };
		A3ACC8242EAFB014009F7783 /* TableColumn.swift */ = {isa = PBXFileReference; lastKnownFileType = sourcecode.swift; path = TableColumn.swift; sourceTree = "<group>"; };
		A3ACC8262EAFB704009F7783 /* EditHoldingView.swift */ = {isa = PBXFileReference; fileEncoding = 4; lastKnownFileType = sourcecode.swift; path = EditHoldingView.swift; sourceTree = "<group>"; };
		A3ACC8272EAFB704009F7783 /* PrivacyHelpers.swift */ = {isa = PBXFileReference; fileEncoding = 4; lastKnownFileType = sourcecode.swift; path = PrivacyHelpers.swift; sourceTree = "<group>"; };
		A3ACC8282EAFB705009F7783 /* ManageHoldingsView.swift */ = {isa = PBXFileReference; fileEncoding = 4; lastKnownFileType = sourcecode.swift; path = ManageHoldingsView.swift; sourceTree = "<group>"; };
		A3ACC8292EAFB705009F7783 /* APILogView.swift */ = {isa = PBXFileReference; fileEncoding = 4; lastKnownFileType = sourcecode.swift; path = APILogView.swift; sourceTree = "<group>"; };
		A3ACC82A2EAFB705009F7783 /* AboutView.swift */ = {isa = PBXFileReference; fileEncoding = 4; lastKnownFileType = sourcecode.swift; path = AboutView.swift; sourceTree = "<group>"; };
		A3ACC82B2EAFB706009F7783 /* AddHoldingView.swift */ = {isa = PBXFileReference; fileEncoding = 4; lastKnownFileType = sourcecode.swift; path = AddHoldingView.swift; sourceTree = "<group>"; };
		A3ACC8342EB0B6A5009F7783 /* Info */ = {isa = PBXFileReference; lastKnownFileType = text.xml; path = Info; sourceTree = "<group>"; };
		A3ACC8412EB1045D009F7783 /* Theme.swift */ = {isa = PBXFileReference; lastKnownFileType = sourcecode.swift; path = Theme.swift; sourceTree = "<group>"; };
		A3ACC8432EB10491009F7783 /* GradientButton.swift */ = {isa = PBXFileReference; lastKnownFileType = sourcecode.swift; path = GradientButton.swift; sourceTree = "<group>"; };
		A3ACC8452EB104AF009F7783 /* CardModifier.swift */ = {isa = PBXFileReference; lastKnownFileType = sourcecode.swift; path = CardModifier.swift; sourceTree = "<group>"; };
		A3ACC8472EB10BD3009F7783 /* StringExtensions.swift */ = {isa = PBXFileReference; lastKnownFileType = sourcecode.swift; path = StringExtensions.swift; sourceTree = "<group>"; };
		A3ACC8492EB10BEF009F7783 /* ToastQueueManager.swift */ = {isa = PBXFileReference; lastKnownFileType = sourcecode.swift; path = ToastQueueManager.swift; sourceTree = "<group>"; };
		A3DDB5C92EAFAA11004F1C8B /* CFMS.app */ = {isa = PBXFileReference; explicitFileType = wrapper.application; includeInIndex = 0; path = CFMS.app; sourceTree = BUILT_PRODUCTS_DIR; };
		A3DDB5CC2EAFAA11004F1C8B /* CFMSApp.swift */ = {isa = PBXFileReference; lastKnownFileType = sourcecode.swift; path = CFMSApp.swift; sourceTree = "<group>"; };
		A3DDB5CE2EAFAA11004F1C8B /* ContentView.swift */ = {isa = PBXFileReference; lastKnownFileType = sourcecode.swift; path = ContentView.swift; sourceTree = "<group>"; };
		A3DDB5D22EAFAA17004F1C8B /* Assets.xcassets */ = {isa = PBXFileReference; lastKnownFileType = folder.assetcatalog; path = Assets.xcassets; sourceTree = "<group>"; };
		A3DDB5D42EAFAA17004F1C8B /* CFMS.entitlements */ = {isa = PBXFileReference; lastKnownFileType = text.plist.entitlements; path = CFMS.entitlements; sourceTree = "<group>"; };
		A3DDB5FB2EAFAA98004F1C8B /* EmptyStateView.swift */ = {isa = PBXFileReference; lastKnownFileType = sourcecode.swift; path = EmptyStateView.swift; sourceTree = "<group>"; };
		A3DDB5FF2EAFAAD2004F1C8B /* ColorExtension.swift */ = {isa = PBXFileReference; lastKnownFileType = sourcecode.swift; path = ColorExtension.swift; sourceTree = "<group>"; };
		A3DDB6012EAFAAE8004F1C8B /* DataValidation.swift */ = {isa = PBXFileReference; lastKnownFileType = sourcecode.swift; path = DataValidation.swift; sourceTree = "<group>"; };
		A3DDB6032EAFAAFC004F1C8B /* FundService.swift */ = {isa = PBXFileReference; lastKnownFileType = sourcecode.swift; path = FundService.swift; sourceTree = "<group>"; };
		A3DDB6052EAFAB27004F1C8B /* ClientView.swift */ = {isa = PBXFileReference; lastKnownFileType = sourcecode.swift; path = ClientView.swift; sourceTree = "<group>"; };
		A3DDB6072EAFAC99004F1C8B /* SummaryView.swift */ = {isa = PBXFileReference; lastKnownFileType = sourcecode.swift; path = SummaryView.swift; sourceTree = "<group>"; };
		A3DDB6092EAFACD3004F1C8B /* TopPerformersView.swift */ = {isa = PBXFileReference; lastKnownFileType = sourcecode.swift; path = TopPerformersView.swift; sourceTree = "<group>"; };
		A3DDB60B2EAFAE28004F1C8B /* DataManager.swift */ = {isa = PBXFileReference; lastKnownFileType = sourcecode.swift; path = DataManager.swift; sourceTree = "<group>"; };
		A3DDB60D2EAFAE49004F1C8B /* ToastView.swift */ = {isa = PBXFileReference; lastKnownFileType = sourcecode.swift; path = ToastView.swift; sourceTree = "<group>"; };
		A3DDB60F2EAFAE6D004F1C8B /* ConfigView.swift */ = {isa = PBXFileReference; lastKnownFileType = sourcecode.swift; path = ConfigView.swift; sourceTree = "<group>"; };
/* End PBXFileReference section */

/* Begin PBXFrameworksBuildPhase section */
		A3DDB5C62EAFAA11004F1C8B /* Frameworks */ = {
			isa = PBXFrameworksBuildPhase;
			buildActionMask = 2147483647;
			files = (
			);
			runOnlyForDeploymentPostprocessing = 0;
		};
/* End PBXFrameworksBuildPhase section */

/* Begin PBXGroup section */
		A3ACC8362EB0F20C009F7783 /* App */ = {
			isa = PBXGroup;
			children = (
				A3DDB5D22EAFAA17004F1C8B /* Assets.xcassets */,
				A3DDB5CC2EAFAA11004F1C8B /* CFMSApp.swift */,
				A3DDB5D42EAFAA17004F1C8B /* CFMS.entitlements */,
				A3DDB5CE2EAFAA11004F1C8B /* ContentView.swift */,
				A3ACC8342EB0B6A5009F7783 /* Info */,
			);
			path = App;
			sourceTree = "<group>";
		};
		A3ACC8382EB0F23E009F7783 /* Models */ = {
			isa = PBXGroup;
			children = (
				A3DDB6012EAFAAE8004F1C8B /* DataValidation.swift */,
				A3ACC8222EAFAFEE009F7783 /* FundModels.swift */,
				A3ACC8242EAFB014009F7783 /* TableColumn.swift */,
			);
			path = Models;
			sourceTree = "<group>";
		};
		A3ACC8392EB0F276009F7783 /* Services */ = {
			isa = PBXGroup;
			children = (
				A3DDB60B2EAFAE28004F1C8B /* DataManager.swift */,
				A3DDB6032EAFAAFC004F1C8B /* FundService.swift */,
				A3ACC8492EB10BEF009F7783 /* ToastQueueManager.swift */,
			);
			path = Services;
			sourceTree = "<group>";
		};
		A3ACC83A2EB0F2BC009F7783 /* Views */ = {
			isa = PBXGroup;
			children = (
				A3ACC83D2EB0F349009F7783 /* Components */,
				A3ACC83C2EB0F317009F7783 /* ConfigViews */,
				A3ACC83B2EB0F2F2009F7783 /* MainViews */,
			);
			path = Views;
			sourceTree = "<group>";
		};
		A3ACC83B2EB0F2F2009F7783 /* MainViews */ = {
			isa = PBXGroup;
			children = (
				A3DDB6052EAFAB27004F1C8B /* ClientView.swift */,
				A3DDB6072EAFAC99004F1C8B /* SummaryView.swift */,
				A3DDB6092EAFACD3004F1C8B /* TopPerformersView.swift */,
			);
			path = MainViews;
			sourceTree = "<group>";
		};
		A3ACC83C2EB0F317009F7783 /* ConfigViews */ = {
			isa = PBXGroup;
			children = (
				A3ACC82B2EAFB706009F7783 /* AddHoldingView.swift */,
				A3ACC8292EAFB705009F7783 /* APILogView.swift */,
				A3DDB60F2EAFAE6D004F1C8B /* ConfigView.swift */,
				A3ACC8262EAFB704009F7783 /* EditHoldingView.swift */,
				A3ACC8282EAFB705009F7783 /* ManageHoldingsView.swift */,
			);
			path = ConfigViews;
			sourceTree = "<group>";
		};
		A3ACC83D2EB0F349009F7783 /* Components */ = {
			isa = PBXGroup;
			children = (
				A3DDB5FB2EAFAA98004F1C8B /* EmptyStateView.swift */,
				A3ACC8202EAFAFB8009F7783 /* HoldingRow.swift */,
				A3DDB60D2EAFAE49004F1C8B /* ToastView.swift */,
				A3ACC8432EB10491009F7783 /* GradientButton.swift */,
				A3ACC8452EB104AF009F7783 /* CardModifier.swift */,
			);
			path = Components;
			sourceTree = "<group>";
		};
		A3ACC83E2EB0F379009F7783 /* Utilities */ = {
			isa = PBXGroup;
			children = (
				A3DDB5FF2EAFAAD2004F1C8B /* ColorExtension.swift */,
				A3ACC8272EAFB704009F7783 /* PrivacyHelpers.swift */,
				A3ACC8412EB1045D009F7783 /* Theme.swift */,
				A3ACC8472EB10BD3009F7783 /* StringExtensions.swift */,
			);
			path = Utilities;
			sourceTree = "<group>";
		};
		A3ACC83F2EB0F3B0009F7783 /* Supporting */ = {
			isa = PBXGroup;
			children = (
				A3ACC82A2EAFB705009F7783 /* AboutView.swift */,
			);
			path = Supporting;
			sourceTree = "<group>";
		};
		A3DDB5C02EAFAA11004F1C8B = {
			isa = PBXGroup;
			children = (
				A3DDB5CB2EAFAA11004F1C8B /* CFMS */,
				A3DDB5CA2EAFAA11004F1C8B /* Products */,
			);
			sourceTree = "<group>";
		};
		A3DDB5CA2EAFAA11004F1C8B /* Products */ = {
			isa = PBXGroup;
			children = (
				A3DDB5C92EAFAA11004F1C8B /* CFMS.app */,
			);
			name = Products;
			sourceTree = "<group>";
		};
		A3DDB5CB2EAFAA11004F1C8B /* CFMS */ = {
			isa = PBXGroup;
			children = (
				A3ACC8362EB0F20C009F7783 /* App */,
				A3ACC8382EB0F23E009F7783 /* Models */,
				A3ACC8392EB0F276009F7783 /* Services */,
				A3ACC83F2EB0F3B0009F7783 /* Supporting */,
				A3ACC83E2EB0F379009F7783 /* Utilities */,
				A3ACC83A2EB0F2BC009F7783 /* Views */,
			);
			path = CFMS;
			sourceTree = "<group>";
		};
/* End PBXGroup section */

/* Begin PBXNativeTarget section */
		A3DDB5C82EAFAA11004F1C8B /* CFMS */ = {
			isa = PBXNativeTarget;
			buildConfigurationList = A3DDB5F02EAFAA18004F1C8B /* Build configuration list for PBXNativeTarget "CFMS" */;
			buildPhases = (
				A3DDB5C52EAFAA11004F1C8B /* Sources */,
				A3DDB5C62EAFAA11004F1C8B /* Frameworks */,
				A3DDB5C72EAFAA11004F1C8B /* Resources */,
			);
			buildRules = (
			);
			dependencies = (
			);
			name = CFMS;
			productName = CFMS;
			productReference = A3DDB5C92EAFAA11004F1C8B /* CFMS.app */;
			productType = "com.apple.product-type.application";
		};
/* End PBXNativeTarget section */

/* Begin PBXProject section */
		A3DDB5C12EAFAA11004F1C8B /* Project object */ = {
			isa = PBXProject;
			attributes = {
				BuildIndependentTargetsInParallel = 1;
				LastSwiftUpdateCheck = 1540;
				LastUpgradeCheck = 1540;
				TargetAttributes = {
					A3DDB5C82EAFAA11004F1C8B = {
						CreatedOnToolsVersion = 15.4;
					};
				};
			};
			buildConfigurationList = A3DDB5C42EAFAA11004F1C8B /* Build configuration list for PBXProject "CFMS" */;
			compatibilityVersion = "Xcode 14.0";
			developmentRegion = en;
			hasScannedForEncodings = 0;
			knownRegions = (
				en,
				Base,
			);
			mainGroup = A3DDB5C02EAFAA11004F1C8B;
			productRefGroup = A3DDB5CA2EAFAA11004F1C8B /* Products */;
			projectDirPath = "";
			projectRoot = "";
			targets = (
				A3DDB5C82EAFAA11004F1C8B /* CFMS */,
			);
		};
/* End PBXProject section */

/* Begin PBXResourcesBuildPhase section */
		A3DDB5C72EAFAA11004F1C8B /* Resources */ = {
			isa = PBXResourcesBuildPhase;
			buildActionMask = 2147483647;
			files = (
				A3DDB5D32EAFAA17004F1C8B /* Assets.xcassets in Resources */,
				A3ACC8352EB0B6A5009F7783 /* Info in Resources */,
			);
			runOnlyForDeploymentPostprocessing = 0;
		};
/* End PBXResourcesBuildPhase section */

/* Begin PBXSourcesBuildPhase section */
		A3DDB5C52EAFAA11004F1C8B /* Sources */ = {
			isa = PBXSourcesBuildPhase;
			buildActionMask = 2147483647;
			files = (
				A3ACC82D2EAFB706009F7783 /* PrivacyHelpers.swift in Sources */,
				A3DDB60A2EAFACD3004F1C8B /* TopPerformersView.swift in Sources */,
				A3ACC8402EB0F558009F7783 /* ContentView.swift in Sources */,
				A3DDB6062EAFAB27004F1C8B /* ClientView.swift in Sources */,
				A3ACC82E2EAFB706009F7783 /* ManageHoldingsView.swift in Sources */,
				A3DDB5FC2EAFAA98004F1C8B /* EmptyStateView.swift in Sources */,
				A3ACC8442EB10491009F7783 /* GradientButton.swift in Sources */,
				A3ACC8312EAFB706009F7783 /* AddHoldingView.swift in Sources */,
				A3DDB6102EAFAE6D004F1C8B /* ConfigView.swift in Sources */,
				A3ACC8232EAFAFEE009F7783 /* FundModels.swift in Sources */,
				A3DDB6022EAFAAE8004F1C8B /* DataValidation.swift in Sources */,
				A3ACC8212EAFAFB8009F7783 /* HoldingRow.swift in Sources */,
				A3ACC8252EAFB014009F7783 /* TableColumn.swift in Sources */,
				A3ACC84A2EB10BEF009F7783 /* ToastQueueManager.swift in Sources */,
				A3ACC8302EAFB706009F7783 /* AboutView.swift in Sources */,
				A3ACC8462EB104AF009F7783 /* CardModifier.swift in Sources */,
				A3DDB5CD2EAFAA11004F1C8B /* CFMSApp.swift in Sources */,
				A3DDB60E2EAFAE49004F1C8B /* ToastView.swift in Sources */,
				A3ACC8422EB1045D009F7783 /* Theme.swift in Sources */,
				A3DDB6002EAFAAD2004F1C8B /* ColorExtension.swift in Sources */,
				A3ACC82F2EAFB706009F7783 /* APILogView.swift in Sources */,
				A3DDB6042EAFAAFC004F1C8B /* FundService.swift in Sources */,
				A3DDB60C2EAFAE28004F1C8B /* DataManager.swift in Sources */,
				A3ACC8482EB10BD3009F7783 /* StringExtensions.swift in Sources */,
				A3DDB6082EAFAC99004F1C8B /* SummaryView.swift in Sources */,
				A3ACC82C2EAFB706009F7783 /* EditHoldingView.swift in Sources */,
			);
			runOnlyForDeploymentPostprocessing = 0;
		};
/* End PBXSourcesBuildPhase section */

/* Begin XCBuildConfiguration section */
		A3DDB5EE2EAFAA18004F1C8B /* Debug */ = {
			isa = XCBuildConfiguration;
			buildSettings = {
				ALWAYS_SEARCH_USER_PATHS = NO;
				ASSETCATALOG_COMPILER_GENERATE_SWIFT_ASSET_SYMBOL_EXTENSIONS = YES;
				CLANG_ANALYZER_NONNULL = YES;
				CLANG_ANALYZER_NUMBER_OBJECT_CONVERSION = YES_AGGRESSIVE;
				CLANG_CXX_LANGUAGE_STANDARD = "gnu++20";
				CLANG_ENABLE_MODULES = YES;
				CLANG_ENABLE_OBJC_ARC = YES;
				CLANG_ENABLE_OBJC_WEAK = YES;
				CLANG_WARN_BLOCK_CAPTURE_AUTORELEASING = YES;
				CLANG_WARN_BOOL_CONVERSION = YES;
				CLANG_WARN_COMMA = YES;
				CLANG_WARN_CONSTANT_CONVERSION = YES;
				CLANG_WARN_DEPRECATED_OBJC_IMPLEMENTATIONS = YES;
				CLANG_WARN_DIRECT_OBJC_ISA_USAGE = YES_ERROR;
				CLANG_WARN_DOCUMENTATION_COMMENTS = YES;
				CLANG_WARN_EMPTY_BODY = YES;
				CLANG_WARN_ENUM_CONVERSION = YES;
				CLANG_WARN_INFINITE_RECURSION = YES;
				CLANG_WARN_INT_CONVERSION = YES;
				CLANG_WARN_NON_LITERAL_NULL_CONVERSION = YES;
				CLANG_WARN_OBJC_IMPLICIT_RETAIN_SELF = YES;
				CLANG_WARN_OBJC_LITERAL_CONVERSION = YES;
				CLANG_WARN_OBJC_ROOT_CLASS = YES_ERROR;
				CLANG_WARN_QUOTED_INCLUDE_IN_FRAMEWORK_HEADER = YES;
				CLANG_WARN_RANGE_LOOP_ANALYSIS = YES;
				CLANG_WARN_STRICT_PROTOTYPES = YES;
				CLANG_WARN_SUSPICIOUS_MOVE = YES;
				CLANG_WARN_UNGUARDED_AVAILABILITY = YES_AGGRESSIVE;
				CLANG_WARN_UNREACHABLE_CODE = YES;
				CLANG_WARN__DUPLICATE_METHOD_MATCH = YES;
				COPY_PHASE_STRIP = NO;
				DEBUG_INFORMATION_FORMAT = dwarf;
				DEVELOPMENT_ASSET_PATHS = /Users/rizona/Documents/GitHub/CFMS;
				ENABLE_STRICT_OBJC_MSGSEND = YES;
				ENABLE_TESTABILITY = YES;
				ENABLE_USER_SCRIPT_SANDBOXING = YES;
				GCC_C_LANGUAGE_STANDARD = gnu17;
				GCC_DYNAMIC_NO_PIC = NO;
				GCC_NO_COMMON_BLOCKS = YES;
				GCC_OPTIMIZATION_LEVEL = 0;
				GCC_PREPROCESSOR_DEFINITIONS = (
					"DEBUG=1",
					"$(inherited)",
				);
				GCC_WARN_64_TO_32_BIT_CONVERSION = YES;
				GCC_WARN_ABOUT_RETURN_TYPE = YES_ERROR;
				GCC_WARN_UNDECLARED_SELECTOR = YES;
				GCC_WARN_UNINITIALIZED_AUTOS = YES_AGGRESSIVE;
				GCC_WARN_UNUSED_FUNCTION = YES;
				GCC_WARN_UNUSED_VARIABLE = YES;
				LOCALIZATION_PREFERS_STRING_CATALOGS = YES;
				MTL_ENABLE_DEBUG_INFO = INCLUDE_SOURCE;
				MTL_FAST_MATH = YES;
				ONLY_ACTIVE_ARCH = YES;
				SWIFT_ACTIVE_COMPILATION_CONDITIONS = "DEBUG $(inherited)";
				SWIFT_OPTIMIZATION_LEVEL = "-Onone";
			};
			name = Debug;
		};
		A3DDB5EF2EAFAA18004F1C8B /* Release */ = {
			isa = XCBuildConfiguration;
			buildSettings = {
				ALWAYS_SEARCH_USER_PATHS = NO;
				ASSETCATALOG_COMPILER_GENERATE_SWIFT_ASSET_SYMBOL_EXTENSIONS = YES;
				CLANG_ANALYZER_NONNULL = YES;
				CLANG_ANALYZER_NUMBER_OBJECT_CONVERSION = YES_AGGRESSIVE;
				CLANG_CXX_LANGUAGE_STANDARD = "gnu++20";
				CLANG_ENABLE_MODULES = YES;
				CLANG_ENABLE_OBJC_ARC = YES;
				CLANG_ENABLE_OBJC_WEAK = YES;
				CLANG_WARN_BLOCK_CAPTURE_AUTORELEASING = YES;
				CLANG_WARN_BOOL_CONVERSION = YES;
				CLANG_WARN_COMMA = YES;
				CLANG_WARN_CONSTANT_CONVERSION = YES;
				CLANG_WARN_DEPRECATED_OBJC_IMPLEMENTATIONS = YES;
				CLANG_WARN_DIRECT_OBJC_ISA_USAGE = YES_ERROR;
				CLANG_WARN_DOCUMENTATION_COMMENTS = YES;
				CLANG_WARN_EMPTY_BODY = YES;
				CLANG_WARN_ENUM_CONVERSION = YES;
				CLANG_WARN_INFINITE_RECURSION = YES;
				CLANG_WARN_INT_CONVERSION = YES;
				CLANG_WARN_NON_LITERAL_NULL_CONVERSION = YES;
				CLANG_WARN_OBJC_IMPLICIT_RETAIN_SELF = YES;
				CLANG_WARN_OBJC_LITERAL_CONVERSION = YES;
				CLANG_WARN_OBJC_ROOT_CLASS = YES_ERROR;
				CLANG_WARN_QUOTED_INCLUDE_IN_FRAMEWORK_HEADER = YES;
				CLANG_WARN_RANGE_LOOP_ANALYSIS = YES;
				CLANG_WARN_STRICT_PROTOTYPES = YES;
				CLANG_WARN_SUSPICIOUS_MOVE = YES;
				CLANG_WARN_UNGUARDED_AVAILABILITY = YES_AGGRESSIVE;
				CLANG_WARN_UNREACHABLE_CODE = YES;
				CLANG_WARN__DUPLICATE_METHOD_MATCH = YES;
				COPY_PHASE_STRIP = NO;
				DEBUG_INFORMATION_FORMAT = "dwarf-with-dsym";
				DEVELOPMENT_ASSET_PATHS = /Users/rizona/Documents/GitHub/CFMS;
				ENABLE_NS_ASSERTIONS = NO;
				ENABLE_STRICT_OBJC_MSGSEND = YES;
				ENABLE_USER_SCRIPT_SANDBOXING = YES;
				GCC_C_LANGUAGE_STANDARD = gnu17;
				GCC_NO_COMMON_BLOCKS = YES;
				GCC_WARN_64_TO_32_BIT_CONVERSION = YES;
				GCC_WARN_ABOUT_RETURN_TYPE = YES_ERROR;
				GCC_WARN_UNDECLARED_SELECTOR = YES;
				GCC_WARN_UNINITIALIZED_AUTOS = YES_AGGRESSIVE;
				GCC_WARN_UNUSED_FUNCTION = YES;
				GCC_WARN_UNUSED_VARIABLE = YES;
				LOCALIZATION_PREFERS_STRING_CATALOGS = YES;
				MTL_ENABLE_DEBUG_INFO = NO;
				MTL_FAST_MATH = YES;
				SWIFT_COMPILATION_MODE = wholemodule;
			};
			name = Release;
		};
		A3DDB5F12EAFAA18004F1C8B /* Debug */ = {
			isa = XCBuildConfiguration;
			buildSettings = {
				ASSETCATALOG_COMPILER_APPICON_NAME = AppIcon;
				ASSETCATALOG_COMPILER_GLOBAL_ACCENT_COLOR_NAME = AccentColor;
				CODE_SIGN_ENTITLEMENTS = CFMS/App/CFMS.entitlements;
				CODE_SIGN_STYLE = Automatic;
				CURRENT_PROJECT_VERSION = 1;
				DEVELOPMENT_ASSET_PATHS = "";
				DEVELOPMENT_TEAM = 8QXX7UMS83;
				ENABLE_PREVIEWS = YES;
				GENERATE_INFOPLIST_FILE = YES;
				INFOPLIST_KEY_CFBundleDisplayName = "一基暴富";
				"INFOPLIST_KEY_UIApplicationSceneManifest_Generation[sdk=iphoneos*]" = YES;
				"INFOPLIST_KEY_UIApplicationSceneManifest_Generation[sdk=iphonesimulator*]" = YES;
				"INFOPLIST_KEY_UIApplicationSupportsIndirectInputEvents[sdk=iphoneos*]" = YES;
				"INFOPLIST_KEY_UIApplicationSupportsIndirectInputEvents[sdk=iphonesimulator*]" = YES;
				"INFOPLIST_KEY_UILaunchScreen_Generation[sdk=iphoneos*]" = YES;
				"INFOPLIST_KEY_UILaunchScreen_Generation[sdk=iphonesimulator*]" = YES;
				"INFOPLIST_KEY_UIStatusBarStyle[sdk=iphoneos*]" = UIStatusBarStyleDefault;
				"INFOPLIST_KEY_UIStatusBarStyle[sdk=iphonesimulator*]" = UIStatusBarStyleDefault;
				INFOPLIST_KEY_UISupportedInterfaceOrientations_iPad = "UIInterfaceOrientationPortrait UIInterfaceOrientationPortraitUpsideDown UIInterfaceOrientationLandscapeLeft UIInterfaceOrientationLandscapeRight";
				INFOPLIST_KEY_UISupportedInterfaceOrientations_iPhone = "UIInterfaceOrientationPortrait UIInterfaceOrientationLandscapeLeft UIInterfaceOrientationLandscapeRight";
				IPHONEOS_DEPLOYMENT_TARGET = 17.5;
				LD_RUNPATH_SEARCH_PATHS = "@executable_path/Frameworks";
				"LD_RUNPATH_SEARCH_PATHS[sdk=macosx*]" = "@executable_path/../Frameworks";
				MACOSX_DEPLOYMENT_TARGET = 14.0;
				MARKETING_VERSION = 0.0.5;
				PRODUCT_BUNDLE_IDENTIFIER = com.rizona.CFMS;
				PRODUCT_NAME = "$(TARGET_NAME)";
				SDKROOT = auto;
				SUPPORTED_PLATFORMS = "iphoneos iphonesimulator macosx";
				SWIFT_EMIT_LOC_STRINGS = YES;
				SWIFT_VERSION = 5.0;
				TARGETED_DEVICE_FAMILY = "1,2";
			};
			name = Debug;
		};
		A3DDB5F22EAFAA18004F1C8B /* Release */ = {
			isa = XCBuildConfiguration;
			buildSettings = {
				ASSETCATALOG_COMPILER_APPICON_NAME = AppIcon;
				ASSETCATALOG_COMPILER_GLOBAL_ACCENT_COLOR_NAME = AccentColor;
				CODE_SIGN_ENTITLEMENTS = CFMS/App/CFMS.entitlements;
				CODE_SIGN_STYLE = Automatic;
				CURRENT_PROJECT_VERSION = 1;
				DEVELOPMENT_ASSET_PATHS = "";
				DEVELOPMENT_TEAM = 8QXX7UMS83;
				ENABLE_PREVIEWS = YES;
				GENERATE_INFOPLIST_FILE = YES;
				INFOPLIST_KEY_CFBundleDisplayName = "一基暴富";
				"INFOPLIST_KEY_UIApplicationSceneManifest_Generation[sdk=iphoneos*]" = YES;
				"INFOPLIST_KEY_UIApplicationSceneManifest_Generation[sdk=iphonesimulator*]" = YES;
				"INFOPLIST_KEY_UIApplicationSupportsIndirectInputEvents[sdk=iphoneos*]" = YES;
				"INFOPLIST_KEY_UIApplicationSupportsIndirectInputEvents[sdk=iphonesimulator*]" = YES;
				"INFOPLIST_KEY_UILaunchScreen_Generation[sdk=iphoneos*]" = YES;
				"INFOPLIST_KEY_UILaunchScreen_Generation[sdk=iphonesimulator*]" = YES;
				"INFOPLIST_KEY_UIStatusBarStyle[sdk=iphoneos*]" = UIStatusBarStyleDefault;
				"INFOPLIST_KEY_UIStatusBarStyle[sdk=iphonesimulator*]" = UIStatusBarStyleDefault;
				INFOPLIST_KEY_UISupportedInterfaceOrientations_iPad = "UIInterfaceOrientationPortrait UIInterfaceOrientationPortraitUpsideDown UIInterfaceOrientationLandscapeLeft UIInterfaceOrientationLandscapeRight";
				INFOPLIST_KEY_UISupportedInterfaceOrientations_iPhone = "UIInterfaceOrientationPortrait UIInterfaceOrientationLandscapeLeft UIInterfaceOrientationLandscapeRight";
				IPHONEOS_DEPLOYMENT_TARGET = 17.5;
				LD_RUNPATH_SEARCH_PATHS = "@executable_path/Frameworks";
				"LD_RUNPATH_SEARCH_PATHS[sdk=macosx*]" = "@executable_path/../Frameworks";
				MACOSX_DEPLOYMENT_TARGET = 14.0;
				MARKETING_VERSION = 0.0.5;
				PRODUCT_BUNDLE_IDENTIFIER = com.rizona.CFMS;
				PRODUCT_NAME = "$(TARGET_NAME)";
				SDKROOT = auto;
				SUPPORTED_PLATFORMS = "iphoneos iphonesimulator macosx";
				SWIFT_EMIT_LOC_STRINGS = YES;
				SWIFT_VERSION = 5.0;
				TARGETED_DEVICE_FAMILY = "1,2";
			};
			name = Release;
		};
/* End XCBuildConfiguration section */

/* Begin XCConfigurationList section */
		A3DDB5C42EAFAA11004F1C8B /* Build configuration list for PBXProject "CFMS" */ = {
			isa = XCConfigurationList;
			buildConfigurations = (
				A3DDB5EE2EAFAA18004F1C8B /* Debug */,
				A3DDB5EF2EAFAA18004F1C8B /* Release */,
			);
			defaultConfigurationIsVisible = 0;
			defaultConfigurationName = Release;
		};
		A3DDB5F02EAFAA18004F1C8B /* Build configuration list for PBXNativeTarget "CFMS" */ = {
			isa = XCConfigurationList;
			buildConfigurations = (
				A3DDB5F12EAFAA18004F1C8B /* Debug */,
				A3DDB5F22EAFAA18004F1C8B /* Release */,
			);
			defaultConfigurationIsVisible = 0;
			defaultConfigurationName = Release;
		};
/* End XCConfigurationList section */
	};
	rootObject = A3DDB5C12EAFAA11004F1C8B /* Project object */;
}
